
Microsoft Visual Studio Solution File, Format Version 12.00
# Visual Studio 15
VisualStudioVersion = 15.0.28307.757
MinimumVisualStudioVersion = 10.0.40219.1
Project("{FAE04EC0-301F-11D3-BF4B-00C04F79EFBC}") = "Cwiczenie1", "Cwiczenie1\Cwiczenie1.csproj", "{9ABCFF0E-7B23-4689-8A9E-E7EC3E759B10}"
EndProject
Global
	GlobalSection(SolutionConfigurationPlatforms) = preSolution
		Debug|Any CPU = Debug|Any CPU
		Release|Any CPU = Release|Any CPU
	EndGlobalSection
	GlobalSection(ProjectConfigurationPlatforms) = postSolution
		{9ABCFF0E-7B23-4689-8A9E-E7EC3E759B10}.Debug|Any CPU.ActiveCfg = Debug|Any CPU
		{9ABCFF0E-7B23-4689-8A9E-E7EC3E759B10}.Debug|Any CPU.Build.0 = Debug|Any CPU
		{9ABCFF0E-7B23-4689-8A9E-E7EC3E759B10}.Release|Any CPU.ActiveCfg = Release|Any CPU
		{9ABCFF0E-7B23-4689-8A9E-E7EC3E759B10}.Release|Any CPU.Build.0 = Release|Any CPU
	EndGlobalSection
	GlobalSection(SolutionProperties) = preSolution
		HideSolutionNode = FALSE
	EndGlobalSection
	GlobalSection(ExtensibilityGlobals) = postSolution
		SolutionGuid = {2E9B20A4-FAB2-4F47-B5C0-6ECA90CEA496}
	EndGlobalSection
EndGlobal
